
Microsoft Visual Studio Solution File, Format Version 12.00
# Visual Studio Version 16
VisualStudioVersion = 16.0.809.7
MinimumVisualStudioVersion = 10.0.40219.1
Project("{FAE04EC0-301F-11D3-BF4B-00C04F79EFBC}") = "RandomContact", "RandomContact.csproj", "{7A4979E5-946E-45BF-8724-7BECAD33CE2F}"
EndProject
Global
	GlobalSection(SolutionConfigurationPlatforms) = preSolution
		Debug|Any CPU = Debug|Any CPU
		Release|Any CPU = Release|Any CPU
	EndGlobalSection
	GlobalSection(ProjectConfigurationPlatforms) = postSolution
		{7A4979E5-946E-45BF-8724-7BECAD33CE2F}.Debug|Any CPU.ActiveCfg = Debug|Any CPU
		{7A4979E5-946E-45BF-8724-7BECAD33CE2F}.Debug|Any CPU.Build.0 = Debug|Any CPU
		{7A4979E5-946E-45BF-8724-7BECAD33CE2F}.Release|Any CPU.ActiveCfg = Release|Any CPU
		{7A4979E5-946E-45BF-8724-7BECAD33CE2F}.Release|Any CPU.Build.0 = Release|Any CPU
	EndGlobalSection
	GlobalSection(SolutionProperties) = preSolution
		HideSolutionNode = FALSE
	EndGlobalSection
	GlobalSection(ExtensibilityGlobals) = postSolution
		SolutionGuid = {CEFE7D48-B6B7-4B8A-878D-AC682EFF3261}
	EndGlobalSection
EndGlobal
